<?xml version="1.0" encoding="utf-8"?>
<Project ToolsVersion="4.0" xmlns="http://schemas.microsoft.com/developer/msbuild/2003">
  <ItemGroup>
    <Filter Include="Source Files">
      <UniqueIdentifier>{4FC737F1-C7A5-4376-A066-2A32D752A2FF}</UniqueIdentifier>
      <Extensions>cpp;c;cc;cxx;def;odl;idl;hpj;bat;asm;asmx</Extensions>
    </Filter>
    <Filter Include="Header Files">
      <UniqueIdentifier>{93995380-89BD-4b04-88EB-625FBE52EBFB}</UniqueIdentifier>
      <Extensions>h;hpp;hxx;hm;inl;inc;xsd</Extensions>
    </Filter>
    <Filter Include="Resource Files">
      <UniqueIdentifier>{67DA6AB6-F800-4c08-8B7A-83BB121AAD01}</UniqueIdentifier>
      <Extensions>rc;ico;cur;bmp;dlg;rc2;rct;bin;rgs;gif;jpg;jpeg;jpe;resx;tiff;tif;png;wav;mfcribbon-ms</Extensions>
    </Filter>
  </ItemGroup>
  <ItemGroup>
    <ClInclude Include="Headers\Assert.h">
      <Filter>Header Files</Filter>
    </ClInclude>
    <ClInclude Include="Headers\VelocityServiceTests.h">
      <Filter>Header Files</Filter>
    </ClInclude>
    <ClInclude Include="Headers\ByteUtilityTests.h">
      <Filter>Header Files</Filter>
    </ClInclude>
    <ClInclude Include="Headers\ClosestPairProviderTests.h">
      <Filter>Header Files</Filter>
    </ClInclude>
    <ClInclude Include="Headers\ColumnMajorIndexingProviderTests.h">
      <Filter>Header Files</Filter>
    </ClInclude>
    <ClInclude Include="Headers\EndiannessProviderStub.h">
      <Filter>Header Files</Filter>
    </ClInclude>
    <ClInclude Include="Headers\GeometryCollisionServiceTests.h">
      <Filter>Header Files</Filter>
    </ClInclude>
    <ClInclude Include="Headers\HcpGeneratorTests.h">
      <Filter>Header Files</Filter>
    </ClInclude>
    <ClInclude Include="Headers\HessianServiceTests.h">
      <Filter>Header Files</Filter>
    </ClInclude>
    <ClInclude Include="Headers\OrderedPriorityQueueTests.h">
      <Filter>Header Files</Filter>
    </ClInclude>
    <ClInclude Include="Headers\PackingSerializerTests.h">
      <Filter>Header Files</Filter>
    </ClInclude>
    <ClInclude Include="Headers\ParticleCollisionServiceTests.h">
      <Filter>Header Files</Filter>
    </ClInclude>
    <ClInclude Include="Headers\SphericalHarmonicsComputerTests.h">
      <Filter>Header Files</Filter>
    </ClInclude>
    <ClInclude Include="Headers\TestRunner.h">
      <Filter>Header Files</Filter>
    </ClInclude>
    <ClInclude Include="headers\rattlerremovalservicetests.h">
      <Filter>Header Files</Filter>
    </ClInclude>
  </ItemGroup>
  <ItemGroup>
    <ClCompile Include="Source\Assert.cpp">
      <Filter>Source Files</Filter>
    </ClCompile>
    <ClCompile Include="Source\VelocityServiceTests.cpp">
      <Filter>Source Files</Filter>
    </ClCompile>
    <ClCompile Include="Source\ByteUtilityTests.cpp">
      <Filter>Source Files</Filter>
    </ClCompile>
    <ClCompile Include="Source\ClosestPairProviderTests.cpp">
      <Filter>Source Files</Filter>
    </ClCompile>
    <ClCompile Include="Source\ColumnMajorIndexingProviderTests.cpp">
      <Filter>Source Files</Filter>
    </ClCompile>
    <ClCompile Include="Source\EndiannessProviderStub.cpp">
      <Filter>Source Files</Filter>
    </ClCompile>
    <ClCompile Include="Source\GeometryCollisionServiceTests.cpp">
      <Filter>Source Files</Filter>
    </ClCompile>
    <ClCompile Include="Source\HcpGeneratorTests.cpp">
      <Filter>Source Files</Filter>
    </ClCompile>
    <ClCompile Include="Source\HessianServiceTests.cpp">
      <Filter>Source Files</Filter>
    </ClCompile>
    <ClCompile Include="Source\OrderedPriorityQueueTests.cpp">
      <Filter>Source Files</Filter>
    </ClCompile>
    <ClCompile Include="Source\PackingSerializerTests.cpp">
      <Filter>Source Files</Filter>
    </ClCompile>
    <ClCompile Include="Source\ParticleCollisionServiceTests.cpp">
      <Filter>Source Files</Filter>
    </ClCompile>
    <ClCompile Include="Source\SphericalHarmonicsComputerTests.cpp">
      <Filter>Source Files</Filter>
    </ClCompile>
    <ClCompile Include="Source\TestRunner.cpp">
      <Filter>Source Files</Filter>
    </ClCompile>
    <ClCompile Include="Main.cpp">
      <Filter>Source Files</Filter>
    </ClCompile>
    <ClCompile Include="Source\RattlerRemovalServiceTests.cpp">
      <Filter>Source Files</Filter>
    </ClCompile>
  </ItemGroup>
</Project>